
Microsoft Visual Studio Solution File, Format Version 12.00
# Visual Studio 2013
VisualStudioVersion = 12.0.31101.0
MinimumVisualStudioVersion = 10.0.40219.1
Project("{8BC9CEB8-8B4A-11D0-8D11-00A0C91BC942}") = "SmartPointers-problem", "SmartPointers-problem\SmartPointers-problem.vcxproj", "{F7B8994D-77BA-47A4-8BFB-C8164938D6D5}"
EndProject
Project("{8BC9CEB8-8B4A-11D0-8D11-00A0C91BC942}") = "SmartPointers-solution1", "SmartPointers-solution1\SmartPointers-solution1.vcxproj", "{978E72C7-DAD3-427D-B0FF-25ED2FB06D37}"
EndProject
Project("{8BC9CEB8-8B4A-11D0-8D11-00A0C91BC942}") = "SmartPointers-solution2", "SmartPointers-solution2\SmartPointers-solution2.vcxproj", "{1F2851BF-8774-4BEE-B2F6-FB915C42D317}"
EndProject
Global
	GlobalSection(SolutionConfigurationPlatforms) = preSolution
		Debug|Win32 = Debug|Win32
		Release|Win32 = Release|Win32
	EndGlobalSection
	GlobalSection(ProjectConfigurationPlatforms) = postSolution
		{F7B8994D-77BA-47A4-8BFB-C8164938D6D5}.Debug|Win32.ActiveCfg = Debug|Win32
		{F7B8994D-77BA-47A4-8BFB-C8164938D6D5}.Debug|Win32.Build.0 = Debug|Win32
		{F7B8994D-77BA-47A4-8BFB-C8164938D6D5}.Release|Win32.ActiveCfg = Release|Win32
		{F7B8994D-77BA-47A4-8BFB-C8164938D6D5}.Release|Win32.Build.0 = Release|Win32
		{978E72C7-DAD3-427D-B0FF-25ED2FB06D37}.Debug|Win32.ActiveCfg = Debug|Win32
		{978E72C7-DAD3-427D-B0FF-25ED2FB06D37}.Debug|Win32.Build.0 = Debug|Win32
		{978E72C7-DAD3-427D-B0FF-25ED2FB06D37}.Release|Win32.ActiveCfg = Release|Win32
		{978E72C7-DAD3-427D-B0FF-25ED2FB06D37}.Release|Win32.Build.0 = Release|Win32
		{1F2851BF-8774-4BEE-B2F6-FB915C42D317}.Debug|Win32.ActiveCfg = Debug|Win32
		{1F2851BF-8774-4BEE-B2F6-FB915C42D317}.Debug|Win32.Build.0 = Debug|Win32
		{1F2851BF-8774-4BEE-B2F6-FB915C42D317}.Release|Win32.ActiveCfg = Release|Win32
		{1F2851BF-8774-4BEE-B2F6-FB915C42D317}.Release|Win32.Build.0 = Release|Win32
	EndGlobalSection
	GlobalSection(SolutionProperties) = preSolution
		HideSolutionNode = FALSE
	EndGlobalSection
EndGlobal
